
Microsoft Visual Studio Solution File, Format Version 12.00
# Visual Studio Version 17
VisualStudioVersion = 17.14.36511.14 d17.14
MinimumVisualStudioVersion = 10.0.40219.1
Project("{FAE04EC0-301F-11D3-BF4B-00C04F79EFBC}") = "Temperatuur", "Temperatuur.csproj", "{7079E848-83F8-4F9E-82CD-88F85712FB01}"
EndProject
Global
	GlobalSection(SolutionConfigurationPlatforms) = preSolution
		Debug|Any CPU = Debug|Any CPU
		Release|Any CPU = Release|Any CPU
	EndGlobalSection
	GlobalSection(ProjectConfigurationPlatforms) = postSolution
		{7079E848-83F8-4F9E-82CD-88F85712FB01}.Debug|Any CPU.ActiveCfg = Debug|Any CPU
		{7079E848-83F8-4F9E-82CD-88F85712FB01}.Debug|Any CPU.Build.0 = Debug|Any CPU
		{7079E848-83F8-4F9E-82CD-88F85712FB01}.Release|Any CPU.ActiveCfg = Release|Any CPU
		{7079E848-83F8-4F9E-82CD-88F85712FB01}.Release|Any CPU.Build.0 = Release|Any CPU
	EndGlobalSection
	GlobalSection(SolutionProperties) = preSolution
		HideSolutionNode = FALSE
	EndGlobalSection
	GlobalSection(ExtensibilityGlobals) = postSolution
		SolutionGuid = {D74D0669-1720-4782-BD42-23DCA04DE9B5}
	EndGlobalSection
EndGlobal
