
Microsoft Visual Studio Solution File, Format Version 12.00
# Visual Studio Version 17
VisualStudioVersion = 17.14.36511.14 d17.14
MinimumVisualStudioVersion = 10.0.40219.1
Project("{FAE04EC0-301F-11D3-BF4B-00C04F79EFBC}") = "Seconden", "Seconden.csproj", "{D3484407-B9D0-4BDB-955A-E012C950BACD}"
EndProject
Global
	GlobalSection(SolutionConfigurationPlatforms) = preSolution
		Debug|Any CPU = Debug|Any CPU
		Release|Any CPU = Release|Any CPU
	EndGlobalSection
	GlobalSection(ProjectConfigurationPlatforms) = postSolution
		{D3484407-B9D0-4BDB-955A-E012C950BACD}.Debug|Any CPU.ActiveCfg = Debug|Any CPU
		{D3484407-B9D0-4BDB-955A-E012C950BACD}.Debug|Any CPU.Build.0 = Debug|Any CPU
		{D3484407-B9D0-4BDB-955A-E012C950BACD}.Release|Any CPU.ActiveCfg = Release|Any CPU
		{D3484407-B9D0-4BDB-955A-E012C950BACD}.Release|Any CPU.Build.0 = Release|Any CPU
	EndGlobalSection
	GlobalSection(SolutionProperties) = preSolution
		HideSolutionNode = FALSE
	EndGlobalSection
	GlobalSection(ExtensibilityGlobals) = postSolution
		SolutionGuid = {B122F035-5113-4EB3-B262-D551946B7C31}
	EndGlobalSection
EndGlobal
